<?xml version="1.0" encoding="utf-8"?>
<Project ToolsVersion="4.0" xmlns="http://schemas.microsoft.com/developer/msbuild/2003">
  <ItemGroup>
    <Filter Include="Source Files">
      <UniqueIdentifier>{4FC737F1-C7A5-4376-A066-2A32D752A2FF}</UniqueIdentifier>
      <Extensions>cpp;c;cc;cxx;c++;cppm;ixx;def;odl;idl;hpj;bat;asm;asmx</Extensions>
    </Filter>
    <Filter Include="Header Files">
      <UniqueIdentifier>{93995380-89BD-4b04-88EB-625FBE52EBFB}</UniqueIdentifier>
      <Extensions>h;hh;hpp;hxx;h++;hm;inl;inc;ipp;xsd</Extensions>
    </Filter>
    <Filter Include="Resource Files">
      <UniqueIdentifier>{67DA6AB6-F800-4c08-8B7A-83BB121AAD01}</UniqueIdentifier>
      <Extensions>rc;ico;cur;bmp;dlg;rc2;rct;bin;rgs;gif;jpg;jpeg;jpe;resx;tiff;tif;png;wav;mfcribbon-ms</Extensions>
    </Filter>
    <Filter Include="Source Files\External">
      <UniqueIdentifier>{539ad63b-778d-4fb2-bd8c-65acb377e3c7}</UniqueIdentifier>
    </Filter>
    <Filter Include="Source Files\Interop">
      <UniqueIdentifier>{ca735dc1-7739-464a-8df0-06668584854d}</UniqueIdentifier>
    </Filter>
    <Filter Include="Header Files\Interop">
      <UniqueIdentifier>{73ecc0f0-5868-47a0-a9d3-3ecdab7bc509}</UniqueIdentifier>
    </Filter>
  </ItemGroup>
  <ItemGroup>
    <ClInclude Include="MaterialBakerSystem.h">
      <Filter>Header Files</Filter>
    </ClInclude>
    <ClInclude Include="MaterialMemoryPoolSystem.h">
      <Filter>Header Files</Filter>
    </ClInclude>
    <ClInclude Include="TextureBakerSystem.h">
      <Filter>Header Files</Filter>
    </ClInclude>
    <ClInclude Include="TextureSamplers.h">
      <Filter>Header Files</Filter>
    </ClInclude>
    <ClInclude Include="DLL.h">
      <Filter>Header Files</Filter>
    </ClInclude>
    <ClInclude Include="MaterialBakerSystemDLL.h">
      <Filter>Header Files\Interop</Filter>
    </ClInclude>
  </ItemGroup>
  <ItemGroup>
    <ClCompile Include="MaterialBakerSystem.cpp">
      <Filter>Source Files</Filter>
    </ClCompile>
    <ClCompile Include="MaterialMemoryPoolSystem.cpp">
      <Filter>Source Files</Filter>
    </ClCompile>
    <ClCompile Include="TextureBakerSystem.cpp">
      <Filter>Source Files</Filter>
    </ClCompile>
    <ClCompile Include="TextureSamplers.cpp">
      <Filter>Source Files</Filter>
    </ClCompile>
    <ClCompile Include="..\..\VulkanGameEngine\External\LodePNG\lodepng.cpp">
      <Filter>Source Files\External</Filter>
    </ClCompile>
    <ClCompile Include="MaterialBakerSystemDLL.cpp">
      <Filter>Source Files\Interop</Filter>
    </ClCompile>
  </ItemGroup>
</Project>